
Microsoft Visual Studio Solution File, Format Version 12.00
# Visual Studio 15
Project("{FAE04EC0-301F-11D3-BF4B-00C04F79EFBC}") = "iOSSpecialFeatures.iOS", "iOSSpecialFeatures.iOS\iOSSpecialFeatures.iOS.csproj", "{6EFC0614-9240-454B-84C0-4299FC68FAB2}"
EndProject
Project("{FAE04EC0-301F-11D3-BF4B-00C04F79EFBC}") = "iOSSpecialFeatures.MobileAppService", "iOSSpecialFeatures.MobileAppService\iOSSpecialFeatures.MobileAppService.csproj", "{34B40354-136E-4BEF-9264-69798350B74A}"
EndProject
Project("{FAE04EC0-301F-11D3-BF4B-00C04F79EFBC}") = "iOSSpecialFeatures.UITests", "iOSSpecialFeatures.UITests\iOSSpecialFeatures.UITests.csproj", "{B19C892E-2628-4CA7-AD27-08D406A3B14B}"
EndProject
Project("{FAE04EC0-301F-11D3-BF4B-00C04F79EFBC}") = "iOSSpecialFeatures", "iOSSpecialFeatures\iOSSpecialFeatures.csproj", "{7AA91126-77B7-48EC-B24C-D26198E22D2E}"
EndProject
Global
	GlobalSection(SolutionConfigurationPlatforms) = preSolution
		Debug|iPhoneSimulator = Debug|iPhoneSimulator
		Release|iPhoneSimulator = Release|iPhoneSimulator
		Debug|iPhone = Debug|iPhone
		Release|iPhone = Release|iPhone
		Debug|Any CPU = Debug|Any CPU
		Release|Any CPU = Release|Any CPU
	EndGlobalSection
	GlobalSection(ProjectConfigurationPlatforms) = postSolution
		{6EFC0614-9240-454B-84C0-4299FC68FAB2}.Debug|iPhoneSimulator.ActiveCfg = Debug|iPhoneSimulator
		{6EFC0614-9240-454B-84C0-4299FC68FAB2}.Debug|iPhoneSimulator.Build.0 = Debug|iPhoneSimulator
		{6EFC0614-9240-454B-84C0-4299FC68FAB2}.Release|iPhoneSimulator.ActiveCfg = Release|iPhoneSimulator
		{6EFC0614-9240-454B-84C0-4299FC68FAB2}.Release|iPhoneSimulator.Build.0 = Release|iPhoneSimulator
		{6EFC0614-9240-454B-84C0-4299FC68FAB2}.Debug|iPhone.ActiveCfg = Debug|iPhone
		{6EFC0614-9240-454B-84C0-4299FC68FAB2}.Debug|iPhone.Build.0 = Debug|iPhone
		{6EFC0614-9240-454B-84C0-4299FC68FAB2}.Release|iPhone.ActiveCfg = Release|iPhone
		{6EFC0614-9240-454B-84C0-4299FC68FAB2}.Release|iPhone.Build.0 = Release|iPhone
		{6EFC0614-9240-454B-84C0-4299FC68FAB2}.Debug|Any CPU.ActiveCfg = Debug|iPhoneSimulator
		{6EFC0614-9240-454B-84C0-4299FC68FAB2}.Debug|Any CPU.Build.0 = Debug|iPhoneSimulator
		{6EFC0614-9240-454B-84C0-4299FC68FAB2}.Release|Any CPU.ActiveCfg = Release|iPhoneSimulator
		{6EFC0614-9240-454B-84C0-4299FC68FAB2}.Release|Any CPU.Build.0 = Release|iPhoneSimulator
		{34B40354-136E-4BEF-9264-69798350B74A}.Debug|iPhoneSimulator.ActiveCfg = Debug|Any CPU
		{34B40354-136E-4BEF-9264-69798350B74A}.Debug|iPhoneSimulator.Build.0 = Debug|Any CPU
		{34B40354-136E-4BEF-9264-69798350B74A}.Release|iPhoneSimulator.ActiveCfg = Release|Any CPU
		{34B40354-136E-4BEF-9264-69798350B74A}.Release|iPhoneSimulator.Build.0 = Release|Any CPU
		{34B40354-136E-4BEF-9264-69798350B74A}.Debug|iPhone.ActiveCfg = Debug|Any CPU
		{34B40354-136E-4BEF-9264-69798350B74A}.Debug|iPhone.Build.0 = Debug|Any CPU
		{34B40354-136E-4BEF-9264-69798350B74A}.Release|iPhone.ActiveCfg = Release|Any CPU
		{34B40354-136E-4BEF-9264-69798350B74A}.Release|iPhone.Build.0 = Release|Any CPU
		{34B40354-136E-4BEF-9264-69798350B74A}.Debug|Any CPU.ActiveCfg = Debug|Any CPU
		{34B40354-136E-4BEF-9264-69798350B74A}.Debug|Any CPU.Build.0 = Debug|Any CPU
		{34B40354-136E-4BEF-9264-69798350B74A}.Release|Any CPU.ActiveCfg = Release|Any CPU
		{34B40354-136E-4BEF-9264-69798350B74A}.Release|Any CPU.Build.0 = Release|Any CPU
		{B19C892E-2628-4CA7-AD27-08D406A3B14B}.Debug|iPhoneSimulator.ActiveCfg = Debug|Any CPU
		{B19C892E-2628-4CA7-AD27-08D406A3B14B}.Debug|iPhoneSimulator.Build.0 = Debug|Any CPU
		{B19C892E-2628-4CA7-AD27-08D406A3B14B}.Release|iPhoneSimulator.ActiveCfg = Release|Any CPU
		{B19C892E-2628-4CA7-AD27-08D406A3B14B}.Release|iPhoneSimulator.Build.0 = Release|Any CPU
		{B19C892E-2628-4CA7-AD27-08D406A3B14B}.Debug|iPhone.ActiveCfg = Debug|Any CPU
		{B19C892E-2628-4CA7-AD27-08D406A3B14B}.Debug|iPhone.Build.0 = Debug|Any CPU
		{B19C892E-2628-4CA7-AD27-08D406A3B14B}.Release|iPhone.ActiveCfg = Release|Any CPU
		{B19C892E-2628-4CA7-AD27-08D406A3B14B}.Release|iPhone.Build.0 = Release|Any CPU
		{B19C892E-2628-4CA7-AD27-08D406A3B14B}.Debug|Any CPU.ActiveCfg = Debug|Any CPU
		{B19C892E-2628-4CA7-AD27-08D406A3B14B}.Debug|Any CPU.Build.0 = Debug|Any CPU
		{B19C892E-2628-4CA7-AD27-08D406A3B14B}.Release|Any CPU.ActiveCfg = Release|Any CPU
		{B19C892E-2628-4CA7-AD27-08D406A3B14B}.Release|Any CPU.Build.0 = Release|Any CPU
		{7AA91126-77B7-48EC-B24C-D26198E22D2E}.Debug|iPhoneSimulator.ActiveCfg = Debug|Any CPU
		{7AA91126-77B7-48EC-B24C-D26198E22D2E}.Debug|iPhoneSimulator.Build.0 = Debug|Any CPU
		{7AA91126-77B7-48EC-B24C-D26198E22D2E}.Release|iPhoneSimulator.ActiveCfg = Release|Any CPU
		{7AA91126-77B7-48EC-B24C-D26198E22D2E}.Release|iPhoneSimulator.Build.0 = Release|Any CPU
		{7AA91126-77B7-48EC-B24C-D26198E22D2E}.Debug|iPhone.ActiveCfg = Debug|Any CPU
		{7AA91126-77B7-48EC-B24C-D26198E22D2E}.Debug|iPhone.Build.0 = Debug|Any CPU
		{7AA91126-77B7-48EC-B24C-D26198E22D2E}.Release|iPhone.ActiveCfg = Release|Any CPU
		{7AA91126-77B7-48EC-B24C-D26198E22D2E}.Release|iPhone.Build.0 = Release|Any CPU
		{7AA91126-77B7-48EC-B24C-D26198E22D2E}.Debug|Any CPU.ActiveCfg = Debug|Any CPU
		{7AA91126-77B7-48EC-B24C-D26198E22D2E}.Debug|Any CPU.Build.0 = Debug|Any CPU
		{7AA91126-77B7-48EC-B24C-D26198E22D2E}.Release|Any CPU.ActiveCfg = Release|Any CPU
		{7AA91126-77B7-48EC-B24C-D26198E22D2E}.Release|Any CPU.Build.0 = Release|Any CPU
	EndGlobalSection
EndGlobal
